// !$*UTF8*$!
{
	archiveVersion = 1;
	classes = {
	};
	objectVersion = 55;
	objects = {

/* Begin PBXBuildFile section */
		14BD49A727E0B2A200C1B640 /* AppDelegate.swift in Sources */ = {isa = PBXBuildFile; fileRef = 14BD49A627E0B2A200C1B640 /* AppDelegate.swift */; };
		14BD49A927E0B2A200C1B640 /* SceneDelegate.swift in Sources */ = {isa = PBXBuildFile; fileRef = 14BD49A827E0B2A200C1B640 /* SceneDelegate.swift */; };
		14BD49AB27E0B2A200C1B640 /* ViewController.swift in Sources */ = {isa = PBXBuildFile; fileRef = 14BD49AA27E0B2A200C1B640 /* ViewController.swift */; };
		14BD49AE27E0B2A200C1B640 /* Main.storyboard in Resources */ = {isa = PBXBuildFile; fileRef = 14BD49AC27E0B2A200C1B640 /* Main.storyboard */; };
		14BD49B027E0B2A400C1B640 /* Assets.xcassets in Resources */ = {isa = PBXBuildFile; fileRef = 14BD49AF27E0B2A400C1B640 /* Assets.xcassets */; };
		14BD49B327E0B2A400C1B640 /* LaunchScreen.storyboard in Resources */ = {isa = PBXBuildFile; fileRef = 14BD49B127E0B2A400C1B640 /* LaunchScreen.storyboard */; };
		14BD49BE27E0B2A400C1B640 /* videoplayerTests.swift in Sources */ = {isa = PBXBuildFile; fileRef = 14BD49BD27E0B2A400C1B640 /* videoplayerTests.swift */; };
		14BD49C827E0B2A400C1B640 /* videoplayerUITests.swift in Sources */ = {isa = PBXBuildFile; fileRef = 14BD49C727E0B2A400C1B640 /* videoplayerUITests.swift */; };
		14BD49CA27E0B2A400C1B640 /* videoplayerUITestsLaunchTests.swift in Sources */ = {isa = PBXBuildFile; fileRef = 14BD49C927E0B2A400C1B640 /* videoplayerUITestsLaunchTests.swift */; };
		14BD49D927E0B33C00C1B640 /* VideoPlayer.swift in Sources */ = {isa = PBXBuildFile; fileRef = 14BD49D827E0B33C00C1B640 /* VideoPlayer.swift */; };
/* End PBXBuildFile section */

/* Begin PBXContainerItemProxy section */
		14BD49BA27E0B2A400C1B640 /* PBXContainerItemProxy */ = {
			isa = PBXContainerItemProxy;
			containerPortal = 14BD499B27E0B2A200C1B640 /* Project object */;
			proxyType = 1;
			remoteGlobalIDString = 14BD49A227E0B2A200C1B640;
			remoteInfo = videoplayer;
		};
		14BD49C427E0B2A400C1B640 /* PBXContainerItemProxy */ = {
			isa = PBXContainerItemProxy;
			containerPortal = 14BD499B27E0B2A200C1B640 /* Project object */;
			proxyType = 1;
			remoteGlobalIDString = 14BD49A227E0B2A200C1B640;
			remoteInfo = videoplayer;
		};
/* End PBXContainerItemProxy section */

/* Begin PBXFileReference section */
		14BD49A327E0B2A200C1B640 /* videoplayer.app */ = {isa = PBXFileReference; explicitFileType = wrapper.application; includeInIndex = 0; path = videoplayer.app; sourceTree = BUILT_PRODUCTS_DIR; };
		14BD49A627E0B2A200C1B640 /* AppDelegate.swift */ = {isa = PBXFileReference; lastKnownFileType = sourcecode.swift; path = AppDelegate.swift; sourceTree = "<group>"; };
		14BD49A827E0B2A200C1B640 /* SceneDelegate.swift */ = {isa = PBXFileReference; lastKnownFileType = sourcecode.swift; path = SceneDelegate.swift; sourceTree = "<group>"; };
		14BD49AA27E0B2A200C1B640 /* ViewController.swift */ = {isa = PBXFileReference; lastKnownFileType = sourcecode.swift; path = ViewController.swift; sourceTree = "<group>"; };
		14BD49AD27E0B2A200C1B640 /* Base */ = {isa = PBXFileReference; lastKnownFileType = file.storyboard; name = Base; path = Base.lproj/Main.storyboard; sourceTree = "<group>"; };
		14BD49AF27E0B2A400C1B640 /* Assets.xcassets */ = {isa = PBXFileReference; lastKnownFileType = folder.assetcatalog; path = Assets.xcassets; sourceTree = "<group>"; };
		14BD49B227E0B2A400C1B640 /* Base */ = {isa = PBXFileReference; lastKnownFileType = file.storyboard; name = Base; path = Base.lproj/LaunchScreen.storyboard; sourceTree = "<group>"; };
		14BD49B427E0B2A400C1B640 /* Info.plist */ = {isa = PBXFileReference; lastKnownFileType = text.plist.xml; path = Info.plist; sourceTree = "<group>"; };
		14BD49B927E0B2A400C1B640 /* videoplayerTests.xctest */ = {isa = PBXFileReference; explicitFileType = wrapper.cfbundle; includeInIndex = 0; path = videoplayerTests.xctest; sourceTree = BUILT_PRODUCTS_DIR; };
		14BD49BD27E0B2A400C1B640 /* videoplayerTests.swift */ = {isa = PBXFileReference; lastKnownFileType = sourcecode.swift; path = videoplayerTests.swift; sourceTree = "<group>"; };
		14BD49C327E0B2A400C1B640 /* videoplayerUITests.xctest */ = {isa = PBXFileReference; explicitFileType = wrapper.cfbundle; includeInIndex = 0; path = videoplayerUITests.xctest; sourceTree = BUILT_PRODUCTS_DIR; };
		14BD49C727E0B2A400C1B640 /* videoplayerUITests.swift */ = {isa = PBXFileReference; lastKnownFileType = sourcecode.swift; path = videoplayerUITests.swift; sourceTree = "<group>"; };
		14BD49C927E0B2A400C1B640 /* videoplayerUITestsLaunchTests.swift */ = {isa = PBXFileReference; lastKnownFileType = sourcecode.swift; path = videoplayerUITestsLaunchTests.swift; sourceTree = "<group>"; };
		14BD49D827E0B33C00C1B640 /* VideoPlayer.swift */ = {isa = PBXFileReference; lastKnownFileType = sourcecode.swift; path = VideoPlayer.swift; sourceTree = "<group>"; };
/* End PBXFileReference section */

/* Begin PBXFrameworksBuildPhase section */
		14BD49A027E0B2A200C1B640 /* Frameworks */ = {
			isa = PBXFrameworksBuildPhase;
			buildActionMask = 2147483647;
			files = (
			);
			runOnlyForDeploymentPostprocessing = 0;
		};
		14BD49B627E0B2A400C1B640 /* Frameworks */ = {
			isa = PBXFrameworksBuildPhase;
			buildActionMask = 2147483647;
			files = (
			);
			runOnlyForDeploymentPostprocessing = 0;
		};
		14BD49C027E0B2A400C1B640 /* Frameworks */ = {
			isa = PBXFrameworksBuildPhase;
			buildActionMask = 2147483647;
			files = (
			);
			runOnlyForDeploymentPostprocessing = 0;
		};
/* End PBXFrameworksBuildPhase section */

/* Begin PBXGroup section */
		14BD499A27E0B2A200C1B640 = {
			isa = PBXGroup;
			children = (
				14BD49A527E0B2A200C1B640 /* videoplayer */,
				14BD49BC27E0B2A400C1B640 /* videoplayerTests */,
				14BD49C627E0B2A400C1B640 /* videoplayerUITests */,
				14BD49A427E0B2A200C1B640 /* Products */,
			);
			sourceTree = "<group>";
		};
		14BD49A427E0B2A200C1B640 /* Products */ = {
			isa = PBXGroup;
			children = (
				14BD49A327E0B2A200C1B640 /* videoplayer.app */,
				14BD49B927E0B2A400C1B640 /* videoplayerTests.xctest */,
				14BD49C327E0B2A400C1B640 /* videoplayerUITests.xctest */,
			);
			name = Products;
			sourceTree = "<group>";
		};
		14BD49A527E0B2A200C1B640 /* videoplayer */ = {
			isa = PBXGroup;
			children = (
				14BD49A627E0B2A200C1B640 /* AppDelegate.swift */,
				14BD49A827E0B2A200C1B640 /* SceneDelegate.swift */,
				14BD49AA27E0B2A200C1B640 /* ViewController.swift */,
				14BD49D827E0B33C00C1B640 /* VideoPlayer.swift */,
				14BD49AC27E0B2A200C1B640 /* Main.storyboard */,
				14BD49AF27E0B2A400C1B640 /* Assets.xcassets */,
				14BD49B127E0B2A400C1B640 /* LaunchScreen.storyboard */,
				14BD49B427E0B2A400C1B640 /* Info.plist */,
			);
			path = videoplayer;
			sourceTree = "<group>";
		};
		14BD49BC27E0B2A400C1B640 /* videoplayerTests */ = {
			isa = PBXGroup;
			children = (
				14BD49BD27E0B2A400C1B640 /* videoplayerTests.swift */,
			);
			path = videoplayerTests;
			sourceTree = "<group>";
		};
		14BD49C627E0B2A400C1B640 /* videoplayerUITests */ = {
			isa = PBXGroup;
			children = (
				14BD49C727E0B2A400C1B640 /* videoplayerUITests.swift */,
				14BD49C927E0B2A400C1B640 /* videoplayerUITestsLaunchTests.swift */,
			);
			path = videoplayerUITests;
			sourceTree = "<group>";
		};
/* End PBXGroup section */

/* Begin PBXNativeTarget section */
		14BD49A227E0B2A200C1B640 /* videoplayer */ = {
			isa = PBXNativeTarget;
			buildConfigurationList = 14BD49CD27E0B2A400C1B640 /* Build configuration list for PBXNativeTarget "videoplayer" */;
			buildPhases = (
				14BD499F27E0B2A200C1B640 /* Sources */,
				14BD49A027E0B2A200C1B640 /* Frameworks */,
				14BD49A127E0B2A200C1B640 /* Resources */,
			);
			buildRules = (
			);
			dependencies = (
			);
			name = videoplayer;
			productName = videoplayer;
			productReference = 14BD49A327E0B2A200C1B640 /* videoplayer.app */;
			productType = "com.apple.product-type.application";
		};
		14BD49B827E0B2A400C1B640 /* videoplayerTests */ = {
			isa = PBXNativeTarget;
			buildConfigurationList = 14BD49D027E0B2A400C1B640 /* Build configuration list for PBXNativeTarget "videoplayerTests" */;
			buildPhases = (
				14BD49B527E0B2A400C1B640 /* Sources */,
				14BD49B627E0B2A400C1B640 /* Frameworks */,
				14BD49B727E0B2A400C1B640 /* Resources */,
			);
			buildRules = (
			);
			dependencies = (
				14BD49BB27E0B2A400C1B640 /* PBXTargetDependency */,
			);
			name = videoplayerTests;
			productName = videoplayerTests;
			productReference = 14BD49B927E0B2A400C1B640 /* videoplayerTests.xctest */;
			productType = "com.apple.product-type.bundle.unit-test";
		};
		14BD49C227E0B2A400C1B640 /* videoplayerUITests */ = {
			isa = PBXNativeTarget;
			buildConfigurationList = 14BD49D327E0B2A400C1B640 /* Build configuration list for PBXNativeTarget "videoplayerUITests" */;
			buildPhases = (
				14BD49BF27E0B2A400C1B640 /* Sources */,
				14BD49C027E0B2A400C1B640 /* Frameworks */,
				14BD49C127E0B2A400C1B640 /* Resources */,
			);
			buildRules = (
			);
			dependencies = (
				14BD49C527E0B2A400C1B640 /* PBXTargetDependency */,
			);
			name = videoplayerUITests;
			productName = videoplayerUITests;
			productReference = 14BD49C327E0B2A400C1B640 /* videoplayerUITests.xctest */;
			productType = "com.apple.product-type.bundle.ui-testing";
		};
/* End PBXNativeTarget section */

/* Begin PBXProject section */
		14BD499B27E0B2A200C1B640 /* Project object */ = {
			isa = PBXProject;
			attributes = {
				BuildIndependentTargetsInParallel = 1;
				LastSwiftUpdateCheck = 1320;
				LastUpgradeCheck = 1320;
				TargetAttributes = {
					14BD49A227E0B2A200C1B640 = {
						CreatedOnToolsVersion = 13.2.1;
					};
					14BD49B827E0B2A400C1B640 = {
						CreatedOnToolsVersion = 13.2.1;
						TestTargetID = 14BD49A227E0B2A200C1B640;
					};
					14BD49C227E0B2A400C1B640 = {
						CreatedOnToolsVersion = 13.2.1;
						TestTargetID = 14BD49A227E0B2A200C1B640;
					};
				};
			};
			buildConfigurationList = 14BD499E27E0B2A200C1B640 /* Build configuration list for PBXProject "videoplayer" */;
			compatibilityVersion = "Xcode 13.0";
			developmentRegion = en;
			hasScannedForEncodings = 0;
			knownRegions = (
				en,
				Base,
			);
			mainGroup = 14BD499A27E0B2A200C1B640;
			productRefGroup = 14BD49A427E0B2A200C1B640 /* Products */;
			projectDirPath = "";
			projectRoot = "";
			targets = (
				14BD49A227E0B2A200C1B640 /* videoplayer */,
				14BD49B827E0B2A400C1B640 /* videoplayerTests */,
				14BD49C227E0B2A400C1B640 /* videoplayerUITests */,
			);
		};
/* End PBXProject section */

/* Begin PBXResourcesBuildPhase section */
		14BD49A127E0B2A200C1B640 /* Resources */ = {
			isa = PBXResourcesBuildPhase;
			buildActionMask = 2147483647;
			files = (
				14BD49B327E0B2A400C1B640 /* LaunchScreen.storyboard in Resources */,
				14BD49B027E0B2A400C1B640 /* Assets.xcassets in Resources */,
				14BD49AE27E0B2A200C1B640 /* Main.storyboard in Resources */,
			);
			runOnlyForDeploymentPostprocessing = 0;
		};
		14BD49B727E0B2A400C1B640 /* Resources */ = {
			isa = PBXResourcesBuildPhase;
			buildActionMask = 2147483647;
			files = (
			);
			runOnlyForDeploymentPostprocessing = 0;
		};
		14BD49C127E0B2A400C1B640 /* Resources */ = {
			isa = PBXResourcesBuildPhase;
			buildActionMask = 2147483647;
			files = (
			);
			runOnlyForDeploymentPostprocessing = 0;
		};
/* End PBXResourcesBuildPhase section */

/* Begin PBXSourcesBuildPhase section */
		14BD499F27E0B2A200C1B640 /* Sources */ = {
			isa = PBXSourcesBuildPhase;
			buildActionMask = 2147483647;
			files = (
				14BD49D927E0B33C00C1B640 /* VideoPlayer.swift in Sources */,
				14BD49AB27E0B2A200C1B640 /* ViewController.swift in Sources */,
				14BD49A727E0B2A200C1B640 /* AppDelegate.swift in Sources */,
				14BD49A927E0B2A200C1B640 /* SceneDelegate.swift in Sources */,
			);
			runOnlyForDeploymentPostprocessing = 0;
		};
		14BD49B527E0B2A400C1B640 /* Sources */ = {
			isa = PBXSourcesBuildPhase;
			buildActionMask = 2147483647;
			files = (
				14BD49BE27E0B2A400C1B640 /* videoplayerTests.swift in Sources */,
			);
			runOnlyForDeploymentPostprocessing = 0;
		};
		14BD49BF27E0B2A400C1B640 /* Sources */ = {
			isa = PBXSourcesBuildPhase;
			buildActionMask = 2147483647;
			files = (
				14BD49C827E0B2A400C1B640 /* videoplayerUITests.swift in Sources */,
				14BD49CA27E0B2A400C1B640 /* videoplayerUITestsLaunchTests.swift in Sources */,
			);
			runOnlyForDeploymentPostprocessing = 0;
		};
/* End PBXSourcesBuildPhase section */

/* Begin PBXTargetDependency section */
		14BD49BB27E0B2A400C1B640 /* PBXTargetDependency */ = {
			isa = PBXTargetDependency;
			target = 14BD49A227E0B2A200C1B640 /* videoplayer */;
			targetProxy = 14BD49BA27E0B2A400C1B640 /* PBXContainerItemProxy */;
		};
		14BD49C527E0B2A400C1B640 /* PBXTargetDependency */ = {
			isa = PBXTargetDependency;
			target = 14BD49A227E0B2A200C1B640 /* videoplayer */;
			targetProxy = 14BD49C427E0B2A400C1B640 /* PBXContainerItemProxy */;
		};
/* End PBXTargetDependency section */

/* Begin PBXVariantGroup section */
		14BD49AC27E0B2A200C1B640 /* Main.storyboard */ = {
			isa = PBXVariantGroup;
			children = (
				14BD49AD27E0B2A200C1B640 /* Base */,
			);
			name = Main.storyboard;
			sourceTree = "<group>";
		};
		14BD49B127E0B2A400C1B640 /* LaunchScreen.storyboard */ = {
			isa = PBXVariantGroup;
			children = (
				14BD49B227E0B2A400C1B640 /* Base */,
			);
			name = LaunchScreen.storyboard;
			sourceTree = "<group>";
		};
/* End PBXVariantGroup section */

/* Begin XCBuildConfiguration section */
		14BD49CB27E0B2A400C1B640 /* Debug */ = {
			isa = XCBuildConfiguration;
			buildSettings = {
				ALWAYS_SEARCH_USER_PATHS = NO;
				CLANG_ANALYZER_NONNULL = YES;
				CLANG_ANALYZER_NUMBER_OBJECT_CONVERSION = YES_AGGRESSIVE;
				CLANG_CXX_LANGUAGE_STANDARD = "gnu++17";
				CLANG_CXX_LIBRARY = "libc++";
				CLANG_ENABLE_MODULES = YES;
				CLANG_ENABLE_OBJC_ARC = YES;
				CLANG_ENABLE_OBJC_WEAK = YES;
				CLANG_WARN_BLOCK_CAPTURE_AUTORELEASING = YES;
				CLANG_WARN_BOOL_CONVERSION = YES;
				CLANG_WARN_COMMA = YES;
				CLANG_WARN_CONSTANT_CONVERSION = YES;
				CLANG_WARN_DEPRECATED_OBJC_IMPLEMENTATIONS = YES;
				CLANG_WARN_DIRECT_OBJC_ISA_USAGE = YES_ERROR;
				CLANG_WARN_DOCUMENTATION_COMMENTS = YES;
				CLANG_WARN_EMPTY_BODY = YES;
				CLANG_WARN_ENUM_CONVERSION = YES;
				CLANG_WARN_INFINITE_RECURSION = YES;
				CLANG_WARN_INT_CONVERSION = YES;
				CLANG_WARN_NON_LITERAL_NULL_CONVERSION = YES;
				CLANG_WARN_OBJC_IMPLICIT_RETAIN_SELF = YES;
				CLANG_WARN_OBJC_LITERAL_CONVERSION = YES;
				CLANG_WARN_OBJC_ROOT_CLASS = YES_ERROR;
				CLANG_WARN_QUOTED_INCLUDE_IN_FRAMEWORK_HEADER = YES;
				CLANG_WARN_RANGE_LOOP_ANALYSIS = YES;
				CLANG_WARN_STRICT_PROTOTYPES = YES;
				CLANG_WARN_SUSPICIOUS_MOVE = YES;
				CLANG_WARN_UNGUARDED_AVAILABILITY = YES_AGGRESSIVE;
				CLANG_WARN_UNREACHABLE_CODE = YES;
				CLANG_WARN__DUPLICATE_METHOD_MATCH = YES;
				COPY_PHASE_STRIP = NO;
				DEBUG_INFORMATION_FORMAT = dwarf;
				ENABLE_STRICT_OBJC_MSGSEND = YES;
				ENABLE_TESTABILITY = YES;
				GCC_C_LANGUAGE_STANDARD = gnu11;
				GCC_DYNAMIC_NO_PIC = NO;
				GCC_NO_COMMON_BLOCKS = YES;
				GCC_OPTIMIZATION_LEVEL = 0;
				GCC_PREPROCESSOR_DEFINITIONS = (
					"DEBUG=1",
					"$(inherited)",
				);
				GCC_WARN_64_TO_32_BIT_CONVERSION = YES;
				GCC_WARN_ABOUT_RETURN_TYPE = YES_ERROR;
				GCC_WARN_UNDECLARED_SELECTOR = YES;
				GCC_WARN_UNINITIALIZED_AUTOS = YES_AGGRESSIVE;
				GCC_WARN_UNUSED_FUNCTION = YES;
				GCC_WARN_UNUSED_VARIABLE = YES;
				IPHONEOS_DEPLOYMENT_TARGET = 15.2;
				MTL_ENABLE_DEBUG_INFO = INCLUDE_SOURCE;
				MTL_FAST_MATH = YES;
				ONLY_ACTIVE_ARCH = YES;
				SDKROOT = iphoneos;
				SWIFT_ACTIVE_COMPILATION_CONDITIONS = DEBUG;
				SWIFT_OPTIMIZATION_LEVEL = "-Onone";
			};
			name = Debug;
		};
		14BD49CC27E0B2A400C1B640 /* Release */ = {
			isa = XCBuildConfiguration;
			buildSettings = {
				ALWAYS_SEARCH_USER_PATHS = NO;
				CLANG_ANALYZER_NONNULL = YES;
				CLANG_ANALYZER_NUMBER_OBJECT_CONVERSION = YES_AGGRESSIVE;
				CLANG_CXX_LANGUAGE_STANDARD = "gnu++17";
				CLANG_CXX_LIBRARY = "libc++";
				CLANG_ENABLE_MODULES = YES;
				CLANG_ENABLE_OBJC_ARC = YES;
				CLANG_ENABLE_OBJC_WEAK = YES;
				CLANG_WARN_BLOCK_CAPTURE_AUTORELEASING = YES;
				CLANG_WARN_BOOL_CONVERSION = YES;
				CLANG_WARN_COMMA = YES;
				CLANG_WARN_CONSTANT_CONVERSION = YES;
				CLANG_WARN_DEPRECATED_OBJC_IMPLEMENTATIONS = YES;
				CLANG_WARN_DIRECT_OBJC_ISA_USAGE = YES_ERROR;
				CLANG_WARN_DOCUMENTATION_COMMENTS = YES;
				CLANG_WARN_EMPTY_BODY = YES;
				CLANG_WARN_ENUM_CONVERSION = YES;
				CLANG_WARN_INFINITE_RECURSION = YES;
				CLANG_WARN_INT_CONVERSION = YES;
				CLANG_WARN_NON_LITERAL_NULL_CONVERSION = YES;
				CLANG_WARN_OBJC_IMPLICIT_RETAIN_SELF = YES;
				CLANG_WARN_OBJC_LITERAL_CONVERSION = YES;
				CLANG_WARN_OBJC_ROOT_CLASS = YES_ERROR;
				CLANG_WARN_QUOTED_INCLUDE_IN_FRAMEWORK_HEADER = YES;
				CLANG_WARN_RANGE_LOOP_ANALYSIS = YES;
				CLANG_WARN_STRICT_PROTOTYPES = YES;
				CLANG_WARN_SUSPICIOUS_MOVE = YES;
				CLANG_WARN_UNGUARDED_AVAILABILITY = YES_AGGRESSIVE;
				CLANG_WARN_UNREACHABLE_CODE = YES;
				CLANG_WARN__DUPLICATE_METHOD_MATCH = YES;
				COPY_PHASE_STRIP = NO;
				DEBUG_INFORMATION_FORMAT = "dwarf-with-dsym";
				ENABLE_NS_ASSERTIONS = NO;
				ENABLE_STRICT_OBJC_MSGSEND = YES;
				GCC_C_LANGUAGE_STANDARD = gnu11;
				GCC_NO_COMMON_BLOCKS = YES;
				GCC_WARN_64_TO_32_BIT_CONVERSION = YES;
				GCC_WARN_ABOUT_RETURN_TYPE = YES_ERROR;
				GCC_WARN_UNDECLARED_SELECTOR = YES;
				GCC_WARN_UNINITIALIZED_AUTOS = YES_AGGRESSIVE;
				GCC_WARN_UNUSED_FUNCTION = YES;
				GCC_WARN_UNUSED_VARIABLE = YES;
				IPHONEOS_DEPLOYMENT_TARGET = 15.2;
				MTL_ENABLE_DEBUG_INFO = NO;
				MTL_FAST_MATH = YES;
				SDKROOT = iphoneos;
				SWIFT_COMPILATION_MODE = wholemodule;
				SWIFT_OPTIMIZATION_LEVEL = "-O";
				VALIDATE_PRODUCT = YES;
			};
			name = Release;
		};
		14BD49CE27E0B2A400C1B640 /* Debug */ = {
			isa = XCBuildConfiguration;
			buildSettings = {
				ASSETCATALOG_COMPILER_APPICON_NAME = AppIcon;
				ASSETCATALOG_COMPILER_GLOBAL_ACCENT_COLOR_NAME = AccentColor;
				CODE_SIGN_STYLE = Automatic;
				CURRENT_PROJECT_VERSION = 1;
				DEVELOPMENT_TEAM = 2S4N5CM69N;
				GENERATE_INFOPLIST_FILE = YES;
				INFOPLIST_FILE = videoplayer/Info.plist;
				INFOPLIST_KEY_UIApplicationSupportsIndirectInputEvents = YES;
				INFOPLIST_KEY_UILaunchStoryboardName = LaunchScreen;
				INFOPLIST_KEY_UIMainStoryboardFile = Main;
				INFOPLIST_KEY_UISupportedInterfaceOrientations_iPad = "UIInterfaceOrientationPortrait UIInterfaceOrientationPortraitUpsideDown UIInterfaceOrientationLandscapeLeft UIInterfaceOrientationLandscapeRight";
				INFOPLIST_KEY_UISupportedInterfaceOrientations_iPhone = "UIInterfaceOrientationPortrait UIInterfaceOrientationLandscapeLeft UIInterfaceOrientationLandscapeRight";
				LD_RUNPATH_SEARCH_PATHS = (
					"$(inherited)",
					"@executable_path/Frameworks",
				);
				MARKETING_VERSION = 1.0;
				PRODUCT_BUNDLE_IDENTIFIER = com.mahi.videoplayer;
				PRODUCT_NAME = "$(TARGET_NAME)";
				SWIFT_EMIT_LOC_STRINGS = YES;
				SWIFT_VERSION = 5.0;
				TARGETED_DEVICE_FAMILY = "1,2";
			};
			name = Debug;
		};
		14BD49CF27E0B2A400C1B640 /* Release */ = {
			isa = XCBuildConfiguration;
			buildSettings = {
				ASSETCATALOG_COMPILER_APPICON_NAME = AppIcon;
				ASSETCATALOG_COMPILER_GLOBAL_ACCENT_COLOR_NAME = AccentColor;
				CODE_SIGN_STYLE = Automatic;
				CURRENT_PROJECT_VERSION = 1;
				DEVELOPMENT_TEAM = 2S4N5CM69N;
				GENERATE_INFOPLIST_FILE = YES;
				INFOPLIST_FILE = videoplayer/Info.plist;
				INFOPLIST_KEY_UIApplicationSupportsIndirectInputEvents = YES;
				INFOPLIST_KEY_UILaunchStoryboardName = LaunchScreen;
				INFOPLIST_KEY_UIMainStoryboardFile = Main;
				INFOPLIST_KEY_UISupportedInterfaceOrientations_iPad = "UIInterfaceOrientationPortrait UIInterfaceOrientationPortraitUpsideDown UIInterfaceOrientationLandscapeLeft UIInterfaceOrientationLandscapeRight";
				INFOPLIST_KEY_UISupportedInterfaceOrientations_iPhone = "UIInterfaceOrientationPortrait UIInterfaceOrientationLandscapeLeft UIInterfaceOrientationLandscapeRight";
				LD_RUNPATH_SEARCH_PATHS = (
					"$(inherited)",
					"@executable_path/Frameworks",
				);
				MARKETING_VERSION = 1.0;
				PRODUCT_BUNDLE_IDENTIFIER = com.mahi.videoplayer;
				PRODUCT_NAME = "$(TARGET_NAME)";
				SWIFT_EMIT_LOC_STRINGS = YES;
				SWIFT_VERSION = 5.0;
				TARGETED_DEVICE_FAMILY = "1,2";
			};
			name = Release;
		};
		14BD49D127E0B2A400C1B640 /* Debug */ = {
			isa = XCBuildConfiguration;
			buildSettings = {
				ALWAYS_EMBED_SWIFT_STANDARD_LIBRARIES = YES;
				BUNDLE_LOADER = "$(TEST_HOST)";
				CODE_SIGN_STYLE = Automatic;
				CURRENT_PROJECT_VERSION = 1;
				DEVELOPMENT_TEAM = 2S4N5CM69N;
				GENERATE_INFOPLIST_FILE = YES;
				IPHONEOS_DEPLOYMENT_TARGET = 15.2;
				MARKETING_VERSION = 1.0;
				PRODUCT_BUNDLE_IDENTIFIER = com.mahi.videoplayerTests;
				PRODUCT_NAME = "$(TARGET_NAME)";
				SWIFT_EMIT_LOC_STRINGS = NO;
				SWIFT_VERSION = 5.0;
				TARGETED_DEVICE_FAMILY = "1,2";
				TEST_HOST = "$(BUILT_PRODUCTS_DIR)/videoplayer.app/videoplayer";
			};
			name = Debug;
		};
		14BD49D227E0B2A400C1B640 /* Release */ = {
			isa = XCBuildConfiguration;
			buildSettings = {
				ALWAYS_EMBED_SWIFT_STANDARD_LIBRARIES = YES;
				BUNDLE_LOADER = "$(TEST_HOST)";
				CODE_SIGN_STYLE = Automatic;
				CURRENT_PROJECT_VERSION = 1;
				DEVELOPMENT_TEAM = 2S4N5CM69N;
				GENERATE_INFOPLIST_FILE = YES;
				IPHONEOS_DEPLOYMENT_TARGET = 15.2;
				MARKETING_VERSION = 1.0;
				PRODUCT_BUNDLE_IDENTIFIER = com.mahi.videoplayerTests;
				PRODUCT_NAME = "$(TARGET_NAME)";
				SWIFT_EMIT_LOC_STRINGS = NO;
				SWIFT_VERSION = 5.0;
				TARGETED_DEVICE_FAMILY = "1,2";
				TEST_HOST = "$(BUILT_PRODUCTS_DIR)/videoplayer.app/videoplayer";
			};
			name = Release;
		};
		14BD49D427E0B2A400C1B640 /* Debug */ = {
			isa = XCBuildConfiguration;
			buildSettings = {
				ALWAYS_EMBED_SWIFT_STANDARD_LIBRARIES = YES;
				CODE_SIGN_STYLE = Automatic;
				CURRENT_PROJECT_VERSION = 1;
				DEVELOPMENT_TEAM = 2S4N5CM69N;
				GENERATE_INFOPLIST_FILE = YES;
				MARKETING_VERSION = 1.0;
				PRODUCT_BUNDLE_IDENTIFIER = com.mahi.videoplayerUITests;
				PRODUCT_NAME = "$(TARGET_NAME)";
				SWIFT_EMIT_LOC_STRINGS = NO;
				SWIFT_VERSION = 5.0;
				TARGETED_DEVICE_FAMILY = "1,2";
				TEST_TARGET_NAME = videoplayer;
			};
			name = Debug;
		};
		14BD49D527E0B2A400C1B640 /* Release */ = {
			isa = XCBuildConfiguration;
			buildSettings = {
				ALWAYS_EMBED_SWIFT_STANDARD_LIBRARIES = YES;
				CODE_SIGN_STYLE = Automatic;
				CURRENT_PROJECT_VERSION = 1;
				DEVELOPMENT_TEAM = 2S4N5CM69N;
				GENERATE_INFOPLIST_FILE = YES;
				MARKETING_VERSION = 1.0;
				PRODUCT_BUNDLE_IDENTIFIER = com.mahi.videoplayerUITests;
				PRODUCT_NAME = "$(TARGET_NAME)";
				SWIFT_EMIT_LOC_STRINGS = NO;
				SWIFT_VERSION = 5.0;
				TARGETED_DEVICE_FAMILY = "1,2";
				TEST_TARGET_NAME = videoplayer;
			};
			name = Release;
		};
/* End XCBuildConfiguration section */

/* Begin XCConfigurationList section */
		14BD499E27E0B2A200C1B640 /* Build configuration list for PBXProject "videoplayer" */ = {
			isa = XCConfigurationList;
			buildConfigurations = (
				14BD49CB27E0B2A400C1B640 /* Debug */,
				14BD49CC27E0B2A400C1B640 /* Release */,
			);
			defaultConfigurationIsVisible = 0;
			defaultConfigurationName = Release;
		};
		14BD49CD27E0B2A400C1B640 /* Build configuration list for PBXNativeTarget "videoplayer" */ = {
			isa = XCConfigurationList;
			buildConfigurations = (
				14BD49CE27E0B2A400C1B640 /* Debug */,
				14BD49CF27E0B2A400C1B640 /* Release */,
			);
			defaultConfigurationIsVisible = 0;
			defaultConfigurationName = Release;
		};
		14BD49D027E0B2A400C1B640 /* Build configuration list for PBXNativeTarget "videoplayerTests" */ = {
			isa = XCConfigurationList;
			buildConfigurations = (
				14BD49D127E0B2A400C1B640 /* Debug */,
				14BD49D227E0B2A400C1B640 /* Release */,
			);
			defaultConfigurationIsVisible = 0;
			defaultConfigurationName = Release;
		};
		14BD49D327E0B2A400C1B640 /* Build configuration list for PBXNativeTarget "videoplayerUITests" */ = {
			isa = XCConfigurationList;
			buildConfigurations = (
				14BD49D427E0B2A400C1B640 /* Debug */,
				14BD49D527E0B2A400C1B640 /* Release */,
			);
			defaultConfigurationIsVisible = 0;
			defaultConfigurationName = Release;
		};
/* End XCConfigurationList section */
	};
	rootObject = 14BD499B27E0B2A200C1B640 /* Project object */;
}
